
Microsoft Visual Studio Solution File, Format Version 12.00
# Visual Studio Version 17
VisualStudioVersion = 17.5.33516.290
MinimumVisualStudioVersion = 10.0.40219.1
Project("{FAE04EC0-301F-11D3-BF4B-00C04F79EFBC}") = "College_bilet1_Belov", "College_bilet1_Belov\College_bilet1_Belov.csproj", "{9EF08BE9-56CF-46FD-A05D-87FC9031AA7A}"
EndProject
Global
	GlobalSection(SolutionConfigurationPlatforms) = preSolution
		Debug|Any CPU = Debug|Any CPU
		Release|Any CPU = Release|Any CPU
	EndGlobalSection
	GlobalSection(ProjectConfigurationPlatforms) = postSolution
		{9EF08BE9-56CF-46FD-A05D-87FC9031AA7A}.Debug|Any CPU.ActiveCfg = Debug|Any CPU
		{9EF08BE9-56CF-46FD-A05D-87FC9031AA7A}.Debug|Any CPU.Build.0 = Debug|Any CPU
		{9EF08BE9-56CF-46FD-A05D-87FC9031AA7A}.Release|Any CPU.ActiveCfg = Release|Any CPU
		{9EF08BE9-56CF-46FD-A05D-87FC9031AA7A}.Release|Any CPU.Build.0 = Release|Any CPU
	EndGlobalSection
	GlobalSection(SolutionProperties) = preSolution
		HideSolutionNode = FALSE
	EndGlobalSection
	GlobalSection(ExtensibilityGlobals) = postSolution
		SolutionGuid = {CBAD3600-97C5-41DD-ADE5-76476AB3F36F}
	EndGlobalSection
EndGlobal
